
Microsoft Visual Studio Solution File, Format Version 12.00
# Visual Studio Version 17
VisualStudioVersion = 17.0.32014.148
MinimumVisualStudioVersion = 15.0.26124.0
Project("{9A19103F-16F7-4668-BE54-9A1E7A4F7556}") = "API", "API\API.csproj", "{BAC5968F-4D7A-45DF-B726-FBAA122F8425}"
EndProject
Project("{9A19103F-16F7-4668-BE54-9A1E7A4F7556}") = "Infrastructure", "Infrastructure\Infrastructure.csproj", "{9E3FA3A5-9882-44F2-B5D4-DF1A0F4A4A71}"
EndProject
Project("{9A19103F-16F7-4668-BE54-9A1E7A4F7556}") = "Core", "Core\Core.csproj", "{4B85E12B-CABB-4D9F-B637-B9FC813B81CA}"
EndProject
Global
	GlobalSection(SolutionConfigurationPlatforms) = preSolution
		Debug|Any CPU = Debug|Any CPU
		Debug|x64 = Debug|x64
		Debug|x86 = Debug|x86
		Release|Any CPU = Release|Any CPU
		Release|x64 = Release|x64
		Release|x86 = Release|x86
	EndGlobalSection
	GlobalSection(ProjectConfigurationPlatforms) = postSolution
		{BAC5968F-4D7A-45DF-B726-FBAA122F8425}.Debug|Any CPU.ActiveCfg = Debug|Any CPU
		{BAC5968F-4D7A-45DF-B726-FBAA122F8425}.Debug|Any CPU.Build.0 = Debug|Any CPU
		{BAC5968F-4D7A-45DF-B726-FBAA122F8425}.Debug|x64.ActiveCfg = Debug|Any CPU
		{BAC5968F-4D7A-45DF-B726-FBAA122F8425}.Debug|x64.Build.0 = Debug|Any CPU
		{BAC5968F-4D7A-45DF-B726-FBAA122F8425}.Debug|x86.ActiveCfg = Debug|Any CPU
		{BAC5968F-4D7A-45DF-B726-FBAA122F8425}.Debug|x86.Build.0 = Debug|Any CPU
		{BAC5968F-4D7A-45DF-B726-FBAA122F8425}.Release|Any CPU.ActiveCfg = Release|Any CPU
		{BAC5968F-4D7A-45DF-B726-FBAA122F8425}.Release|Any CPU.Build.0 = Release|Any CPU
		{BAC5968F-4D7A-45DF-B726-FBAA122F8425}.Release|x64.ActiveCfg = Release|Any CPU
		{BAC5968F-4D7A-45DF-B726-FBAA122F8425}.Release|x64.Build.0 = Release|Any CPU
		{BAC5968F-4D7A-45DF-B726-FBAA122F8425}.Release|x86.ActiveCfg = Release|Any CPU
		{BAC5968F-4D7A-45DF-B726-FBAA122F8425}.Release|x86.Build.0 = Release|Any CPU
		{9E3FA3A5-9882-44F2-B5D4-DF1A0F4A4A71}.Debug|Any CPU.ActiveCfg = Debug|Any CPU
		{9E3FA3A5-9882-44F2-B5D4-DF1A0F4A4A71}.Debug|Any CPU.Build.0 = Debug|Any CPU
		{9E3FA3A5-9882-44F2-B5D4-DF1A0F4A4A71}.Debug|x64.ActiveCfg = Debug|Any CPU
		{9E3FA3A5-9882-44F2-B5D4-DF1A0F4A4A71}.Debug|x64.Build.0 = Debug|Any CPU
		{9E3FA3A5-9882-44F2-B5D4-DF1A0F4A4A71}.Debug|x86.ActiveCfg = Debug|Any CPU
		{9E3FA3A5-9882-44F2-B5D4-DF1A0F4A4A71}.Debug|x86.Build.0 = Debug|Any CPU
		{9E3FA3A5-9882-44F2-B5D4-DF1A0F4A4A71}.Release|Any CPU.ActiveCfg = Release|Any CPU
		{9E3FA3A5-9882-44F2-B5D4-DF1A0F4A4A71}.Release|Any CPU.Build.0 = Release|Any CPU
		{9E3FA3A5-9882-44F2-B5D4-DF1A0F4A4A71}.Release|x64.ActiveCfg = Release|Any CPU
		{9E3FA3A5-9882-44F2-B5D4-DF1A0F4A4A71}.Release|x64.Build.0 = Release|Any CPU
		{9E3FA3A5-9882-44F2-B5D4-DF1A0F4A4A71}.Release|x86.ActiveCfg = Release|Any CPU
		{9E3FA3A5-9882-44F2-B5D4-DF1A0F4A4A71}.Release|x86.Build.0 = Release|Any CPU
		{4B85E12B-CABB-4D9F-B637-B9FC813B81CA}.Debug|Any CPU.ActiveCfg = Debug|Any CPU
		{4B85E12B-CABB-4D9F-B637-B9FC813B81CA}.Debug|Any CPU.Build.0 = Debug|Any CPU
		{4B85E12B-CABB-4D9F-B637-B9FC813B81CA}.Debug|x64.ActiveCfg = Debug|Any CPU
		{4B85E12B-CABB-4D9F-B637-B9FC813B81CA}.Debug|x64.Build.0 = Debug|Any CPU
		{4B85E12B-CABB-4D9F-B637-B9FC813B81CA}.Debug|x86.ActiveCfg = Debug|Any CPU
		{4B85E12B-CABB-4D9F-B637-B9FC813B81CA}.Debug|x86.Build.0 = Debug|Any CPU
		{4B85E12B-CABB-4D9F-B637-B9FC813B81CA}.Release|Any CPU.ActiveCfg = Release|Any CPU
		{4B85E12B-CABB-4D9F-B637-B9FC813B81CA}.Release|Any CPU.Build.0 = Release|Any CPU
		{4B85E12B-CABB-4D9F-B637-B9FC813B81CA}.Release|x64.ActiveCfg = Release|Any CPU
		{4B85E12B-CABB-4D9F-B637-B9FC813B81CA}.Release|x64.Build.0 = Release|Any CPU
		{4B85E12B-CABB-4D9F-B637-B9FC813B81CA}.Release|x86.ActiveCfg = Release|Any CPU
		{4B85E12B-CABB-4D9F-B637-B9FC813B81CA}.Release|x86.Build.0 = Release|Any CPU
	EndGlobalSection
	GlobalSection(SolutionProperties) = preSolution
		HideSolutionNode = FALSE
	EndGlobalSection
	GlobalSection(ExtensibilityGlobals) = postSolution
		SolutionGuid = {8B4FE82E-2C39-4F95-AC15-6F2B66B28A1A}
	EndGlobalSection
EndGlobal
